// !$*UTF8*$!
{
	archiveVersion = 1;
	classes = {
	};
	objectVersion = 56;
	objects = {

/* Begin PBXBuildFile section */
		1FA2A3E929CFD972009BDC7D /* about.htm in Resources */ = {isa = PBXBuildFile; fileRef = 1FA2A3C929CFD96F009BDC7D /* about.htm */; };
		1FA2A3EC29CFD972009BDC7D /* pictures.xpm in Resources */ = {isa = PBXBuildFile; fileRef = 1FA2A3CE29CFD96F009BDC7D /* pictures.xpm */; };
		1FA2A3EE29CFD972009BDC7D /* canvas.cpp in Sources */ = {isa = PBXBuildFile; fileRef = 1FA2A3D029CFD970009BDC7D /* canvas.cpp */; };
		1FA2A3EF29CFD972009BDC7D /* playerdg.cpp in Sources */ = {isa = PBXBuildFile; fileRef = 1FA2A3D329CFD970009BDC7D /* playerdg.cpp */; };
		1FA2A3F029CFD972009BDC7D /* cards.ico in Resources */ = {isa = PBXBuildFile; fileRef = 1FA2A3D429CFD970009BDC7D /* cards.ico */; };
		1FA2A3F129CFD972009BDC7D /* pile.cpp in Sources */ = {isa = PBXBuildFile; fileRef = 1FA2A3D529CFD970009BDC7D /* pile.cpp */; };
		1FA2A3F329CFD972009BDC7D /* forty.rc in Resources */ = {isa = PBXBuildFile; fileRef = 1FA2A3D829CFD970009BDC7D /* forty.rc */; };
		1FA2A3F729CFD972009BDC7D /* forty.xpm in Resources */ = {isa = PBXBuildFile; fileRef = 1FA2A3DC29CFD971009BDC7D /* forty.xpm */; };
		1FA2A3F929CFD972009BDC7D /* card.cpp in Sources */ = {isa = PBXBuildFile; fileRef = 1FA2A3DE29CFD971009BDC7D /* card.cpp */; };
		1FA2A3FA29CFD972009BDC7D /* game.cpp in Sources */ = {isa = PBXBuildFile; fileRef = 1FA2A3E029CFD971009BDC7D /* game.cpp */; };
		1FA2A3FB29CFD972009BDC7D /* readme.txt in Resources */ = {isa = PBXBuildFile; fileRef = 1FA2A3E129CFD971009BDC7D /* readme.txt */; };
		1FA2A3FC29CFD972009BDC7D /* forty.cpp in Sources */ = {isa = PBXBuildFile; fileRef = 1FA2A3E329CFD971009BDC7D /* forty.cpp */; };
		1FA2A3FD29CFD972009BDC7D /* scorefil.cpp in Sources */ = {isa = PBXBuildFile; fileRef = 1FA2A3E429CFD971009BDC7D /* scorefil.cpp */; };
		1FA2A3FE29CFD972009BDC7D /* scoredg.cpp in Sources */ = {isa = PBXBuildFile; fileRef = 1FA2A3E529CFD971009BDC7D /* scoredg.cpp */; };
		1FA2A3FF29CFD972009BDC7D /* symbols.xpm in Resources */ = {isa = PBXBuildFile; fileRef = 1FA2A3E629CFD972009BDC7D /* symbols.xpm */; };
/* End PBXBuildFile section */

/* Begin PBXCopyFilesBuildPhase section */
		1F66C27D29CF522400927192 /* CopyFiles */ = {
			isa = PBXCopyFilesBuildPhase;
			buildActionMask = 2147483647;
			dstPath = /;
			dstSubfolderSpec = 0;
			files = (
			);
			runOnlyForDeploymentPostprocessing = 0;
		};
/* End PBXCopyFilesBuildPhase section */

/* Begin PBXFileReference section */
		1F66C27F29CF522400927192 /* hello-forty.app */ = {isa = PBXFileReference; explicitFileType = wrapper.application; includeInIndex = 0; path = "hello-forty.app"; sourceTree = BUILT_PRODUCTS_DIR; };
		1FA2A3C929CFD96F009BDC7D /* about.htm */ = {isa = PBXFileReference; fileEncoding = 4; lastKnownFileType = text.html; path = about.htm; sourceTree = "<group>"; };
		1FA2A3CA29CFD96F009BDC7D /* pile.h */ = {isa = PBXFileReference; fileEncoding = 4; lastKnownFileType = sourcecode.c.h; path = pile.h; sourceTree = "<group>"; };
		1FA2A3CB29CFD96F009BDC7D /* scoredg.h */ = {isa = PBXFileReference; fileEncoding = 4; lastKnownFileType = sourcecode.c.h; path = scoredg.h; sourceTree = "<group>"; };
		1FA2A3CE29CFD96F009BDC7D /* pictures.xpm */ = {isa = PBXFileReference; fileEncoding = 4; lastKnownFileType = text; path = pictures.xpm; sourceTree = "<group>"; };
		1FA2A3D029CFD970009BDC7D /* canvas.cpp */ = {isa = PBXFileReference; fileEncoding = 4; lastKnownFileType = sourcecode.cpp.cpp; path = canvas.cpp; sourceTree = "<group>"; };
		1FA2A3D129CFD970009BDC7D /* game.h */ = {isa = PBXFileReference; fileEncoding = 4; lastKnownFileType = sourcecode.c.h; path = game.h; sourceTree = "<group>"; };
		1FA2A3D229CFD970009BDC7D /* forty.h */ = {isa = PBXFileReference; fileEncoding = 4; lastKnownFileType = sourcecode.c.h; path = forty.h; sourceTree = "<group>"; };
		1FA2A3D329CFD970009BDC7D /* playerdg.cpp */ = {isa = PBXFileReference; fileEncoding = 4; lastKnownFileType = sourcecode.cpp.cpp; path = playerdg.cpp; sourceTree = "<group>"; };
		1FA2A3D429CFD970009BDC7D /* cards.ico */ = {isa = PBXFileReference; lastKnownFileType = image.ico; path = cards.ico; sourceTree = "<group>"; };
		1FA2A3D529CFD970009BDC7D /* pile.cpp */ = {isa = PBXFileReference; fileEncoding = 4; lastKnownFileType = sourcecode.cpp.cpp; path = pile.cpp; sourceTree = "<group>"; };
		1FA2A3D629CFD970009BDC7D /* canvas.h */ = {isa = PBXFileReference; fileEncoding = 4; lastKnownFileType = sourcecode.c.h; path = canvas.h; sourceTree = "<group>"; };
		1FA2A3D829CFD970009BDC7D /* forty.rc */ = {isa = PBXFileReference; fileEncoding = 4; lastKnownFileType = text; path = forty.rc; sourceTree = "<group>"; };
		1FA2A3DC29CFD971009BDC7D /* forty.xpm */ = {isa = PBXFileReference; fileEncoding = 4; lastKnownFileType = text; path = forty.xpm; sourceTree = "<group>"; };
		1FA2A3DE29CFD971009BDC7D /* card.cpp */ = {isa = PBXFileReference; fileEncoding = 4; lastKnownFileType = sourcecode.cpp.cpp; path = card.cpp; sourceTree = "<group>"; };
		1FA2A3DF29CFD971009BDC7D /* playerdg.h */ = {isa = PBXFileReference; fileEncoding = 4; lastKnownFileType = sourcecode.c.h; path = playerdg.h; sourceTree = "<group>"; };
		1FA2A3E029CFD971009BDC7D /* game.cpp */ = {isa = PBXFileReference; fileEncoding = 4; lastKnownFileType = sourcecode.cpp.cpp; path = game.cpp; sourceTree = "<group>"; };
		1FA2A3E129CFD971009BDC7D /* readme.txt */ = {isa = PBXFileReference; fileEncoding = 4; lastKnownFileType = text; path = readme.txt; sourceTree = "<group>"; };
		1FA2A3E229CFD971009BDC7D /* card.h */ = {isa = PBXFileReference; fileEncoding = 4; lastKnownFileType = sourcecode.c.h; path = card.h; sourceTree = "<group>"; };
		1FA2A3E329CFD971009BDC7D /* forty.cpp */ = {isa = PBXFileReference; fileEncoding = 4; lastKnownFileType = sourcecode.cpp.cpp; path = forty.cpp; sourceTree = "<group>"; };
		1FA2A3E429CFD971009BDC7D /* scorefil.cpp */ = {isa = PBXFileReference; fileEncoding = 4; lastKnownFileType = sourcecode.cpp.cpp; path = scorefil.cpp; sourceTree = "<group>"; };
		1FA2A3E529CFD971009BDC7D /* scoredg.cpp */ = {isa = PBXFileReference; fileEncoding = 4; lastKnownFileType = sourcecode.cpp.cpp; path = scoredg.cpp; sourceTree = "<group>"; };
		1FA2A3E629CFD972009BDC7D /* symbols.xpm */ = {isa = PBXFileReference; fileEncoding = 4; lastKnownFileType = text; path = symbols.xpm; sourceTree = "<group>"; };
		1FA2A3E729CFD972009BDC7D /* scorefil.h */ = {isa = PBXFileReference; fileEncoding = 4; lastKnownFileType = sourcecode.c.h; path = scorefil.h; sourceTree = "<group>"; };
/* End PBXFileReference section */

/* Begin PBXFrameworksBuildPhase section */
		1F66C27B29CF522400927192 /* Frameworks */ = {
			isa = PBXFrameworksBuildPhase;
			buildActionMask = 2147483647;
			files = (
			);
			runOnlyForDeploymentPostprocessing = 0;
		};
/* End PBXFrameworksBuildPhase section */

/* Begin PBXGroup section */
		1F66C27529CF522400927192 = {
			isa = PBXGroup;
			children = (
				1F66C28129CF522400927192 /* hello-forty */,
				1F66C28029CF522400927192 /* Products */,
			);
			sourceTree = "<group>";
		};
		1F66C28029CF522400927192 /* Products */ = {
			isa = PBXGroup;
			children = (
				1F66C27F29CF522400927192 /* hello-forty.app */,
			);
			name = Products;
			sourceTree = "<group>";
		};
		1F66C28129CF522400927192 /* hello-forty */ = {
			isa = PBXGroup;
			children = (
				1FA2A3C929CFD96F009BDC7D /* about.htm */,
				1FA2A3D029CFD970009BDC7D /* canvas.cpp */,
				1FA2A3D629CFD970009BDC7D /* canvas.h */,
				1FA2A3DE29CFD971009BDC7D /* card.cpp */,
				1FA2A3E229CFD971009BDC7D /* card.h */,
				1FA2A3D429CFD970009BDC7D /* cards.ico */,
				1FA2A3E329CFD971009BDC7D /* forty.cpp */,
				1FA2A3D229CFD970009BDC7D /* forty.h */,
				1FA2A3D829CFD970009BDC7D /* forty.rc */,
				1FA2A3DC29CFD971009BDC7D /* forty.xpm */,
				1FA2A3E029CFD971009BDC7D /* game.cpp */,
				1FA2A3D129CFD970009BDC7D /* game.h */,
				1FA2A3CE29CFD96F009BDC7D /* pictures.xpm */,
				1FA2A3D529CFD970009BDC7D /* pile.cpp */,
				1FA2A3CA29CFD96F009BDC7D /* pile.h */,
				1FA2A3D329CFD970009BDC7D /* playerdg.cpp */,
				1FA2A3DF29CFD971009BDC7D /* playerdg.h */,
				1FA2A3E129CFD971009BDC7D /* readme.txt */,
				1FA2A3E529CFD971009BDC7D /* scoredg.cpp */,
				1FA2A3CB29CFD96F009BDC7D /* scoredg.h */,
				1FA2A3E429CFD971009BDC7D /* scorefil.cpp */,
				1FA2A3E729CFD972009BDC7D /* scorefil.h */,
				1FA2A3E629CFD972009BDC7D /* symbols.xpm */,
			);
			path = "hello-forty";
			sourceTree = "<group>";
		};
/* End PBXGroup section */

/* Begin PBXNativeTarget section */
		1F66C27E29CF522400927192 /* hello-forty */ = {
			isa = PBXNativeTarget;
			buildConfigurationList = 1F66C28E29CF522400927192 /* Build configuration list for PBXNativeTarget "hello-forty" */;
			buildPhases = (
				1F66C27A29CF522400927192 /* Sources */,
				1F66C27B29CF522400927192 /* Frameworks */,
				1F66C27C29CF522400927192 /* Resources */,
				1F66C27D29CF522400927192 /* CopyFiles */,
			);
			buildRules = (
			);
			dependencies = (
			);
			name = "hello-forty";
			productName = "hello-forty";
			productReference = 1F66C27F29CF522400927192 /* hello-forty.app */;
			productType = "com.apple.product-type.application";
		};
/* End PBXNativeTarget section */

/* Begin PBXProject section */
		1F66C27629CF522400927192 /* Project object */ = {
			isa = PBXProject;
			attributes = {
				BuildIndependentTargetsInParallel = 1;
				LastUpgradeCheck = 1420;
				TargetAttributes = {
					1F66C27E29CF522400927192 = {
						CreatedOnToolsVersion = 14.2;
					};
				};
			};
			buildConfigurationList = 1F66C27929CF522400927192 /* Build configuration list for PBXProject "hello-forty" */;
			compatibilityVersion = "Xcode 14.0";
			developmentRegion = en;
			hasScannedForEncodings = 0;
			knownRegions = (
				en,
				Base,
			);
			mainGroup = 1F66C27529CF522400927192;
			productRefGroup = 1F66C28029CF522400927192 /* Products */;
			projectDirPath = "";
			projectRoot = "";
			targets = (
				1F66C27E29CF522400927192 /* hello-forty */,
			);
		};
/* End PBXProject section */

/* Begin PBXResourcesBuildPhase section */
		1F66C27C29CF522400927192 /* Resources */ = {
			isa = PBXResourcesBuildPhase;
			buildActionMask = 2147483647;
			files = (
				1FA2A3FB29CFD972009BDC7D /* readme.txt in Resources */,
				1FA2A3F029CFD972009BDC7D /* cards.ico in Resources */,
				1FA2A3FF29CFD972009BDC7D /* symbols.xpm in Resources */,
				1FA2A3EC29CFD972009BDC7D /* pictures.xpm in Resources */,
				1FA2A3F329CFD972009BDC7D /* forty.rc in Resources */,
				1FA2A3E929CFD972009BDC7D /* about.htm in Resources */,
				1FA2A3F729CFD972009BDC7D /* forty.xpm in Resources */,
			);
			runOnlyForDeploymentPostprocessing = 0;
		};
/* End PBXResourcesBuildPhase section */

/* Begin PBXSourcesBuildPhase section */
		1F66C27A29CF522400927192 /* Sources */ = {
			isa = PBXSourcesBuildPhase;
			buildActionMask = 2147483647;
			files = (
				1FA2A3FC29CFD972009BDC7D /* forty.cpp in Sources */,
				1FA2A3EE29CFD972009BDC7D /* canvas.cpp in Sources */,
				1FA2A3EF29CFD972009BDC7D /* playerdg.cpp in Sources */,
				1FA2A3FE29CFD972009BDC7D /* scoredg.cpp in Sources */,
				1FA2A3F129CFD972009BDC7D /* pile.cpp in Sources */,
				1FA2A3FA29CFD972009BDC7D /* game.cpp in Sources */,
				1FA2A3F929CFD972009BDC7D /* card.cpp in Sources */,
				1FA2A3FD29CFD972009BDC7D /* scorefil.cpp in Sources */,
			);
			runOnlyForDeploymentPostprocessing = 0;
		};
/* End PBXSourcesBuildPhase section */

/* Begin XCBuildConfiguration section */
		1F66C28C29CF522400927192 /* Debug */ = {
			isa = XCBuildConfiguration;
			buildSettings = {
				ALWAYS_SEARCH_USER_PATHS = NO;
				CLANG_ANALYZER_NONNULL = YES;
				CLANG_ANALYZER_NUMBER_OBJECT_CONVERSION = YES_AGGRESSIVE;
				CLANG_CXX_LANGUAGE_STANDARD = "gnu++20";
				CLANG_ENABLE_MODULES = YES;
				CLANG_ENABLE_OBJC_ARC = YES;
				CLANG_ENABLE_OBJC_WEAK = YES;
				CLANG_WARN_BLOCK_CAPTURE_AUTORELEASING = YES;
				CLANG_WARN_BOOL_CONVERSION = YES;
				CLANG_WARN_COMMA = YES;
				CLANG_WARN_CONSTANT_CONVERSION = YES;
				CLANG_WARN_DEPRECATED_OBJC_IMPLEMENTATIONS = YES;
				CLANG_WARN_DIRECT_OBJC_ISA_USAGE = YES_ERROR;
				CLANG_WARN_DOCUMENTATION_COMMENTS = YES;
				CLANG_WARN_EMPTY_BODY = YES;
				CLANG_WARN_ENUM_CONVERSION = YES;
				CLANG_WARN_INFINITE_RECURSION = YES;
				CLANG_WARN_INT_CONVERSION = YES;
				CLANG_WARN_NON_LITERAL_NULL_CONVERSION = YES;
				CLANG_WARN_OBJC_IMPLICIT_RETAIN_SELF = YES;
				CLANG_WARN_OBJC_LITERAL_CONVERSION = YES;
				CLANG_WARN_OBJC_ROOT_CLASS = YES_ERROR;
				CLANG_WARN_QUOTED_INCLUDE_IN_FRAMEWORK_HEADER = YES;
				CLANG_WARN_RANGE_LOOP_ANALYSIS = YES;
				CLANG_WARN_STRICT_PROTOTYPES = YES;
				CLANG_WARN_SUSPICIOUS_MOVE = YES;
				CLANG_WARN_UNGUARDED_AVAILABILITY = YES_AGGRESSIVE;
				CLANG_WARN_UNREACHABLE_CODE = YES;
				CLANG_WARN__DUPLICATE_METHOD_MATCH = YES;
				COPY_PHASE_STRIP = NO;
				DEBUG_INFORMATION_FORMAT = dwarf;
				ENABLE_STRICT_OBJC_MSGSEND = YES;
				ENABLE_TESTABILITY = YES;
				GCC_C_LANGUAGE_STANDARD = gnu11;
				GCC_DYNAMIC_NO_PIC = NO;
				GCC_NO_COMMON_BLOCKS = YES;
				GCC_OPTIMIZATION_LEVEL = 0;
				GCC_PREPROCESSOR_DEFINITIONS = (
					"DEBUG=1",
					"$(inherited)",
				);
				GCC_WARN_64_TO_32_BIT_CONVERSION = YES;
				GCC_WARN_ABOUT_RETURN_TYPE = YES_ERROR;
				GCC_WARN_UNDECLARED_SELECTOR = YES;
				GCC_WARN_UNINITIALIZED_AUTOS = YES_AGGRESSIVE;
				GCC_WARN_UNUSED_FUNCTION = YES;
				GCC_WARN_UNUSED_VARIABLE = YES;
				MTL_ENABLE_DEBUG_INFO = INCLUDE_SOURCE;
				MTL_FAST_MATH = YES;
				ONLY_ACTIVE_ARCH = YES;
			};
			name = Debug;
		};
		1F66C28D29CF522400927192 /* Release */ = {
			isa = XCBuildConfiguration;
			buildSettings = {
				ALWAYS_SEARCH_USER_PATHS = NO;
				CLANG_ANALYZER_NONNULL = YES;
				CLANG_ANALYZER_NUMBER_OBJECT_CONVERSION = YES_AGGRESSIVE;
				CLANG_CXX_LANGUAGE_STANDARD = "gnu++20";
				CLANG_ENABLE_MODULES = YES;
				CLANG_ENABLE_OBJC_ARC = YES;
				CLANG_ENABLE_OBJC_WEAK = YES;
				CLANG_WARN_BLOCK_CAPTURE_AUTORELEASING = YES;
				CLANG_WARN_BOOL_CONVERSION = YES;
				CLANG_WARN_COMMA = YES;
				CLANG_WARN_CONSTANT_CONVERSION = YES;
				CLANG_WARN_DEPRECATED_OBJC_IMPLEMENTATIONS = YES;
				CLANG_WARN_DIRECT_OBJC_ISA_USAGE = YES_ERROR;
				CLANG_WARN_DOCUMENTATION_COMMENTS = YES;
				CLANG_WARN_EMPTY_BODY = YES;
				CLANG_WARN_ENUM_CONVERSION = YES;
				CLANG_WARN_INFINITE_RECURSION = YES;
				CLANG_WARN_INT_CONVERSION = YES;
				CLANG_WARN_NON_LITERAL_NULL_CONVERSION = YES;
				CLANG_WARN_OBJC_IMPLICIT_RETAIN_SELF = YES;
				CLANG_WARN_OBJC_LITERAL_CONVERSION = YES;
				CLANG_WARN_OBJC_ROOT_CLASS = YES_ERROR;
				CLANG_WARN_QUOTED_INCLUDE_IN_FRAMEWORK_HEADER = YES;
				CLANG_WARN_RANGE_LOOP_ANALYSIS = YES;
				CLANG_WARN_STRICT_PROTOTYPES = YES;
				CLANG_WARN_SUSPICIOUS_MOVE = YES;
				CLANG_WARN_UNGUARDED_AVAILABILITY = YES_AGGRESSIVE;
				CLANG_WARN_UNREACHABLE_CODE = YES;
				CLANG_WARN__DUPLICATE_METHOD_MATCH = YES;
				COPY_PHASE_STRIP = NO;
				DEBUG_INFORMATION_FORMAT = "dwarf-with-dsym";
				ENABLE_NS_ASSERTIONS = NO;
				ENABLE_STRICT_OBJC_MSGSEND = YES;
				GCC_C_LANGUAGE_STANDARD = gnu11;
				GCC_NO_COMMON_BLOCKS = YES;
				GCC_WARN_64_TO_32_BIT_CONVERSION = YES;
				GCC_WARN_ABOUT_RETURN_TYPE = YES_ERROR;
				GCC_WARN_UNDECLARED_SELECTOR = YES;
				GCC_WARN_UNINITIALIZED_AUTOS = YES_AGGRESSIVE;
				GCC_WARN_UNUSED_FUNCTION = YES;
				GCC_WARN_UNUSED_VARIABLE = YES;
				MTL_ENABLE_DEBUG_INFO = NO;
				MTL_FAST_MATH = YES;
			};
			name = Release;
		};
		1F66C28F29CF522400927192 /* Debug */ = {
			isa = XCBuildConfiguration;
			buildSettings = {
				CODE_SIGN_STYLE = Automatic;
				CURRENT_PROJECT_VERSION = 1;
				GENERATE_INFOPLIST_FILE = YES;
				LD_RUNPATH_SEARCH_PATHS = (
					"$(LD_RUNPATH_SEARCH_PATHS_$(IS_MACCATALYST))",
					"$(inherited)",
					"@executable_path/../Frameworks",
				);
				MACOSX_DEPLOYMENT_TARGET = 10.9;
				MARKETING_VERSION = 1.0;
				OTHER_CPLUSPLUSFLAGS = (
					"$(OTHER_CFLAGS)",
					"-I/Users/kimjk/virtualbox/share/dist/wxWidgets-3.1.5/build-cocoa-debug/lib/wx/include/osx_cocoa-unicode-3.1",
					"-I/Users/kimjk/virtualbox/share/dist/wxWidgets-3.1.5/include",
					"-D_FILE_OFFSET_BITS=64",
					"-DWXUSINGDLL",
					"-D__WXMAC__",
					"-D__WXOSX__",
					"-D__WXOSX_COCOA__",
				);
				OTHER_LDFLAGS = (
					"-L/Users/kimjk/virtualbox/share/dist/wxWidgets-3.1.5/build-cocoa-debug/lib",
					"-framework",
					IOKit,
					"-framework",
					Carbon,
					"-framework",
					Cocoa,
					"-framework",
					QuartzCore,
					"-framework",
					AudioToolbox,
					"-framework",
					System,
					"-framework",
					OpenGL,
					"-lwx_osx_cocoau_xrc-3.1",
					"-lwx_osx_cocoau_html-3.1",
					"-lwx_osx_cocoau_qa-3.1",
					"-lwx_osx_cocoau_core-3.1",
					"-lwx_baseu_xml-3.1",
					"-lwx_baseu_net-3.1",
					"-lwx_baseu-3.1",
				);
				PRODUCT_BUNDLE_IDENTIFIER = "x.y.z.hello-forty";
				PRODUCT_NAME = "$(TARGET_NAME)";
				SWIFT_EMIT_LOC_STRINGS = YES;
			};
			name = Debug;
		};
		1F66C29029CF522400927192 /* Release */ = {
			isa = XCBuildConfiguration;
			buildSettings = {
				CODE_SIGN_STYLE = Automatic;
				CURRENT_PROJECT_VERSION = 1;
				GENERATE_INFOPLIST_FILE = YES;
				LD_RUNPATH_SEARCH_PATHS = (
					"$(LD_RUNPATH_SEARCH_PATHS_$(IS_MACCATALYST))",
					"$(inherited)",
					"@executable_path/../Frameworks",
				);
				MACOSX_DEPLOYMENT_TARGET = 10.9;
				MARKETING_VERSION = 1.0;
				OTHER_CPLUSPLUSFLAGS = (
					"$(OTHER_CFLAGS)",
					"-I/Users/kimjk/virtualbox/share/dist/wxWidgets-3.1.5/build-cocoa-debug/lib/wx/include/osx_cocoa-unicode-3.1",
					"-I/Users/kimjk/virtualbox/share/dist/wxWidgets-3.1.5/include",
					"-D_FILE_OFFSET_BITS=64",
					"-DWXUSINGDLL",
					"-D__WXMAC__",
					"-D__WXOSX__",
					"-D__WXOSX_COCOA__",
				);
				OTHER_LDFLAGS = (
					"-L/Users/kimjk/virtualbox/share/dist/wxWidgets-3.1.5/build-cocoa-debug/lib",
					"-framework",
					IOKit,
					"-framework",
					Carbon,
					"-framework",
					Cocoa,
					"-framework",
					QuartzCore,
					"-framework",
					AudioToolbox,
					"-framework",
					System,
					"-framework",
					OpenGL,
					"-lwx_osx_cocoau_xrc-3.1",
					"-lwx_osx_cocoau_html-3.1",
					"-lwx_osx_cocoau_qa-3.1",
					"-lwx_osx_cocoau_core-3.1",
					"-lwx_baseu_xml-3.1",
					"-lwx_baseu_net-3.1",
					"-lwx_baseu-3.1",
				);
				PRODUCT_BUNDLE_IDENTIFIER = "x.y.z.hello-forty";
				PRODUCT_NAME = "$(TARGET_NAME)";
				SWIFT_EMIT_LOC_STRINGS = YES;
			};
			name = Release;
		};
/* End XCBuildConfiguration section */

/* Begin XCConfigurationList section */
		1F66C27929CF522400927192 /* Build configuration list for PBXProject "hello-forty" */ = {
			isa = XCConfigurationList;
			buildConfigurations = (
				1F66C28C29CF522400927192 /* Debug */,
				1F66C28D29CF522400927192 /* Release */,
			);
			defaultConfigurationIsVisible = 0;
			defaultConfigurationName = Release;
		};
		1F66C28E29CF522400927192 /* Build configuration list for PBXNativeTarget "hello-forty" */ = {
			isa = XCConfigurationList;
			buildConfigurations = (
				1F66C28F29CF522400927192 /* Debug */,
				1F66C29029CF522400927192 /* Release */,
			);
			defaultConfigurationIsVisible = 0;
			defaultConfigurationName = Release;
		};
/* End XCConfigurationList section */
	};
	rootObject = 1F66C27629CF522400927192 /* Project object */;
}
